# This file is autogenerated, do not edit; changes may be undone by the next 'dep ensure'.


[[projects]]
  branch = "master"
  name = "github.com/btcsuite/btclog"
  packages = ["."]
  revision = "84c8d2346e9fc8c7b947e243b9c24e6df9fd206a"

[[projects]]
  branch = "master"
  name = "github.com/btcsuite/go-socks"
  packages = ["socks"]
  revision = "4720035b7bfd2a9bb130b1c184f8bbe41b6f0d0f"

[[projects]]
  name = "github.com/btcsuite/goleveldb"
  packages = ["leveldb","leveldb/cache","leveldb/comparer","leveldb/errors","leveldb/filter","leveldb/iterator","leveldb/journal","leveldb/memdb","leveldb/opt","leveldb/storage","leveldb/table","leveldb/util"]
  revision = "3fd0373267b6461dbefe91cef614278064d05465"
  version = "v1.0.0"

[[projects]]
  name = "github.com/btcsuite/snappy-go"
  packages = ["."]
  revision = "b3db38edf0a9a11a115eb6b022d8c946024a9ac0"
  version = "v1.0.0"

[[projects]]
  branch = "master"
  name = "github.com/daglabs/btcd"
  packages = ["blockdag","btcec","connmgr","dagconfig","dagconfig/daghash","database","database/ffldb","database/internal/treap","logger","peer","txscript","util","util/base58","util/bech32","util/hdkeychain","util/subnetworkid","util/txsort","wire"]
  revision = "58b1b01c3fb320893a2edc7b01dad3a36acec1b1"

[[projects]]
  name = "github.com/davecgh/go-spew"
  packages = ["spew"]
  revision = "8991bc29aa16c548c550c7ff78260e27b9ab7c73"
  version = "v1.1.1"

[[projects]]
  name = "github.com/jessevdk/go-flags"
  packages = ["."]
  revision = "c6ca198ec95c841fdb89fc0de7496fed11ab854e"
  version = "v1.4.0"

[[projects]]
  name = "github.com/jrick/logrotate"
  packages = ["rotator"]
  revision = "a93b200c26cbae3bb09dd0dc2c7c7fe1468a034a"
  version = "v1.0.0"

[[projects]]
  name = "github.com/miekg/dns"
  packages = ["."]
  revision = "8fc2e5773bbd308ca2fcc962fd8d25c1bd0f6743"
  version = "v1.1.4"

[[projects]]
  branch = "master"
  name = "golang.org/x/crypto"
  packages = ["ed25519","ed25519/internal/edwards25519","ripemd160"]
  revision = "8dd112bcdc25174059e45e07517d9fc663123347"

[[projects]]
  branch = "master"
  name = "golang.org/x/net"
  packages = ["bpf","internal/iana","internal/socket","ipv4","ipv6"]
  revision = "c95aed5357e77a4bf7d3955c46740000a17adee1"

[[projects]]
  branch = "master"
  name = "golang.org/x/sys"
  packages = ["unix"]
  revision = "a34e9553db1e492c9a76e60db2296ae7e5fbb772"

[solve-meta]
  analyzer-name = "dep"
  analyzer-version = 1
  inputs-digest = "8324c389534d924868436ee993bab088f464ac7a745180f55469970a4fb4afd7"
  solver-name = "gps-cdcl"
  solver-version = 1
